
Microsoft Visual Studio Solution File, Format Version 12.00
# Visual Studio 15
VisualStudioVersion = 15.0.28010.0
MinimumVisualStudioVersion = 10.0.40219.1
Project("{FAE04EC0-301F-11D3-BF4B-00C04F79EFBC}") = "Shape-OCP", "Shape-OCP\Shape-OCP.csproj", "{1850F87C-3950-4F42-8A7B-8460365FBF78}"
EndProject
Global
	GlobalSection(SolutionConfigurationPlatforms) = preSolution
		Debug|Any CPU = Debug|Any CPU
		Release|Any CPU = Release|Any CPU
	EndGlobalSection
	GlobalSection(ProjectConfigurationPlatforms) = postSolution
		{1850F87C-3950-4F42-8A7B-8460365FBF78}.Debug|Any CPU.ActiveCfg = Debug|Any CPU
		{1850F87C-3950-4F42-8A7B-8460365FBF78}.Debug|Any CPU.Build.0 = Debug|Any CPU
		{1850F87C-3950-4F42-8A7B-8460365FBF78}.Release|Any CPU.ActiveCfg = Release|Any CPU
		{1850F87C-3950-4F42-8A7B-8460365FBF78}.Release|Any CPU.Build.0 = Release|Any CPU
	EndGlobalSection
	GlobalSection(SolutionProperties) = preSolution
		HideSolutionNode = FALSE
	EndGlobalSection
	GlobalSection(ExtensibilityGlobals) = postSolution
		SolutionGuid = {E9A69F03-C083-4DB1-8FF9-1D867A3A3E39}
	EndGlobalSection
EndGlobal
